
Microsoft Visual Studio Solution File, Format Version 12.00
# Visual Studio Version 17
VisualStudioVersion = 17.13.35919.96 d17.13
MinimumVisualStudioVersion = 10.0.40219.1
Project("{FAE04EC0-301F-11D3-BF4B-00C04F79EFBC}") = "HelloWorldWebApi_2", "HelloWorldWebApi_2\HelloWorldWebApi_2.csproj", "{0D400B62-DF9B-489A-9C4C-34E1764F27B1}"
EndProject
Global
	GlobalSection(SolutionConfigurationPlatforms) = preSolution
		Debug|Any CPU = Debug|Any CPU
		Release|Any CPU = Release|Any CPU
	EndGlobalSection
	GlobalSection(ProjectConfigurationPlatforms) = postSolution
		{0D400B62-DF9B-489A-9C4C-34E1764F27B1}.Debug|Any CPU.ActiveCfg = Debug|Any CPU
		{0D400B62-DF9B-489A-9C4C-34E1764F27B1}.Debug|Any CPU.Build.0 = Debug|Any CPU
		{0D400B62-DF9B-489A-9C4C-34E1764F27B1}.Release|Any CPU.ActiveCfg = Release|Any CPU
		{0D400B62-DF9B-489A-9C4C-34E1764F27B1}.Release|Any CPU.Build.0 = Release|Any CPU
	EndGlobalSection
	GlobalSection(SolutionProperties) = preSolution
		HideSolutionNode = FALSE
	EndGlobalSection
	GlobalSection(ExtensibilityGlobals) = postSolution
		SolutionGuid = {644E0E02-6C77-491B-8A61-D62C7F45E336}
	EndGlobalSection
EndGlobal
