
Microsoft Visual Studio Solution File, Format Version 12.00
# Visual Studio Version 17
VisualStudioVersion = 17.13.35919.96 d17.13
MinimumVisualStudioVersion = 10.0.40219.1
Project("{FAE04EC0-301F-11D3-BF4B-00C04F79EFBC}") = "Hello_Web_Api", "Hello_Web_Api\Hello_Web_Api.csproj", "{A6AF59B9-C5A2-40EC-9F1D-FF9C67FDCCAF}"
EndProject
Global
	GlobalSection(SolutionConfigurationPlatforms) = preSolution
		Debug|Any CPU = Debug|Any CPU
		Release|Any CPU = Release|Any CPU
	EndGlobalSection
	GlobalSection(ProjectConfigurationPlatforms) = postSolution
		{A6AF59B9-C5A2-40EC-9F1D-FF9C67FDCCAF}.Debug|Any CPU.ActiveCfg = Debug|Any CPU
		{A6AF59B9-C5A2-40EC-9F1D-FF9C67FDCCAF}.Debug|Any CPU.Build.0 = Debug|Any CPU
		{A6AF59B9-C5A2-40EC-9F1D-FF9C67FDCCAF}.Release|Any CPU.ActiveCfg = Release|Any CPU
		{A6AF59B9-C5A2-40EC-9F1D-FF9C67FDCCAF}.Release|Any CPU.Build.0 = Release|Any CPU
	EndGlobalSection
	GlobalSection(SolutionProperties) = preSolution
		HideSolutionNode = FALSE
	EndGlobalSection
	GlobalSection(ExtensibilityGlobals) = postSolution
		SolutionGuid = {CFFB7F27-239E-42CD-8AE1-E7736B2E4215}
	EndGlobalSection
EndGlobal
